{
  "name": "vite-codemods",
  "version": "0.1.0",
  "lockfileVersion": 3,
  "requires": true,
  "packages": {
    "": {
      "name": "vite-codemods",
      "workspaces": [
        "codemods/*",
        "utils"
      ],
      "devDependencies": {
        "@biomejs/biome": "^2.4.15",
        "@codemod.com/jssg-types": "^1.6.0",
        "@types/node": "^25.8.0",
        "typescript": "^6.0.3"
      }
    },
    "codemods/fix-import-meta-url-polyfill": {
      "name": "vitejs-fix-import-meta-url-polyfill",
      "dependencies": {
        "@jssg/utils": "^0.0.8",
        "dedent": "^1.7.2",
        "vitejs-codemod-utils": "*"
      }
    },
    "codemods/fix-import-meta-url-polyfill/node_modules/@jssg/utils": {
      "version": "0.0.8",
      "resolved": "https://registry.npmjs.org/@jssg/utils/-/utils-0.0.8.tgz",
      "integrity": "sha512-MftaLCW5LsgsxfUcenYlEfie/IojTvRXRiCo61UEsJZCXnod7AStV1dh/IZxIWU+Is0Flh5xegwomLPX9qLwKA==",
      "license": "Apache-2.0"
    },
    "codemods/migrate-css-minify-to-lightning-css": {
      "name": "vitejs-migrate-css-minify-to-lightning-css",
      "dependencies": {
        "@jssg/utils": "^0.0.8",
        "dedent": "^1.7.2",
        "vitejs-codemod-utils": "*"
      }
    },
    "codemods/migrate-css-minify-to-lightning-css/node_modules/@jssg/utils": {
      "version": "0.0.8",
      "resolved": "https://registry.npmjs.org/@jssg/utils/-/utils-0.0.8.tgz",
      "integrity": "sha512-MftaLCW5LsgsxfUcenYlEfie/IojTvRXRiCo61UEsJZCXnod7AStV1dh/IZxIWU+Is0Flh5xegwomLPX9qLwKA==",
      "license": "Apache-2.0"
    },
    "codemods/migrate-esbuild-minify-options": {
      "name": "vitejs-migrate-esbuild-minify-options",
      "dependencies": {
        "@jssg/utils": "^0.0.8",
        "dedent": "^1.7.2",
        "vitejs-codemod-utils": "*"
      }
    },
    "codemods/migrate-esbuild-minify-options/node_modules/@jssg/utils": {
      "version": "0.0.8",
      "resolved": "https://registry.npmjs.org/@jssg/utils/-/utils-0.0.8.tgz",
      "integrity": "sha512-MftaLCW5LsgsxfUcenYlEfie/IojTvRXRiCo61UEsJZCXnod7AStV1dh/IZxIWU+Is0Flh5xegwomLPX9qLwKA==",
      "license": "Apache-2.0"
    },
    "codemods/migrate-esbuild-to-oxc-options": {
      "name": "vitejs-migrate-esbuild-to-oxc-options",
      "dependencies": {
        "@jssg/utils": "^0.0.8",
        "dedent": "^1.7.2",
        "vitejs-codemod-utils": "*"
      }
    },
    "codemods/migrate-esbuild-to-oxc-options/node_modules/@jssg/utils": {
      "version": "0.0.8",
      "resolved": "https://registry.npmjs.org/@jssg/utils/-/utils-0.0.8.tgz",
      "integrity": "sha512-MftaLCW5LsgsxfUcenYlEfie/IojTvRXRiCo61UEsJZCXnod7AStV1dh/IZxIWU+Is0Flh5xegwomLPX9qLwKA==",
      "license": "Apache-2.0"
    },
    "codemods/migrate-manual-chunks-config": {
      "name": "vitejs-migrate-manual-chunks-config",
      "dependencies": {
        "vitejs-codemod-utils": "*"
      }
    },
    "codemods/migrate-optimize-deps-esbuild-options": {
      "name": "vitejs-migrate-optimize-deps-esbuild-options",
      "dependencies": {
        "@jssg/utils": "^0.0.8",
        "dedent": "^1.7.2",
        "vitejs-codemod-utils": "*"
      }
    },
    "codemods/migrate-optimize-deps-esbuild-options/node_modules/@jssg/utils": {
      "version": "0.0.8",
      "resolved": "https://registry.npmjs.org/@jssg/utils/-/utils-0.0.8.tgz",
      "integrity": "sha512-MftaLCW5LsgsxfUcenYlEfie/IojTvRXRiCo61UEsJZCXnod7AStV1dh/IZxIWU+Is0Flh5xegwomLPX9qLwKA==",
      "license": "Apache-2.0"
    },
    "codemods/migrate-require-external-modules": {
      "name": "vitejs-migrate-require-external-modules",
      "dependencies": {
        "vitejs-codemod-utils": "*"
      }
    },
    "codemods/migrate-rollup-to-rolldown-options": {
      "name": "vitejs-migrate-rollup-to-rolldown-options",
      "dependencies": {
        "@jssg/utils": "^0.0.7",
        "vitejs-codemod-utils": "*"
      }
    },
    "codemods/migrate-rollup-watch-options": {
      "name": "vitejs-migrate-rollup-watch-options",
      "dependencies": {
        "vitejs-codemod-utils": "*"
      }
    },
    "codemods/migrate-transform-index-html-hooks": {
      "name": "vitejs-migrate-transform-index-html-hooks",
      "dependencies": {
        "vitejs-codemod-utils": "*"
      }
    },
    "codemods/normalize-commonjs-interop-legacy-option": {
      "name": "vitejs-normalize-commonjs-interop-legacy-option",
      "dependencies": {
        "vitejs-codemod-utils": "*"
      }
    },
    "codemods/remove-deprecated-hotbroadcaster-types": {
      "name": "vitejs-remove-deprecated-hotbroadcaster-types",
      "dependencies": {
        "@jssg/utils": "^0.0.7"
      }
    },
    "codemods/remove-deprecated-import-meta-hot-accept-url": {
      "name": "vitejs-remove-deprecated-import-meta-hot-accept-url"
    },
    "codemods/remove-deprecated-properties": {
      "name": "vitejs-remove-deprecated-properties"
    },
    "codemods/remove-sass-legacy-api-option": {
      "name": "vitejs-remove-sass-legacy-api-option",
      "dependencies": {
        "vitejs-codemod-utils": "*"
      }
    },
    "codemods/remove-split-vendor-chunk-plugin": {
      "name": "vitejs-remove-split-vendor-chunk-plugin",
      "dependencies": {
        "vitejs-codemod-utils": "*"
      }
    },
    "codemods/update-plugin-load-transform-moduleType": {
      "name": "vitejs-update-plugin-load-transform-moduleType",
      "dependencies": {
        "@jssg/utils": "^0.0.8",
        "dedent": "^1.7.2",
        "vitejs-codemod-utils": "*"
      }
    },
    "codemods/update-plugin-load-transform-moduleType/node_modules/@jssg/utils": {
      "version": "0.0.8",
      "resolved": "https://registry.npmjs.org/@jssg/utils/-/utils-0.0.8.tgz",
      "integrity": "sha512-MftaLCW5LsgsxfUcenYlEfie/IojTvRXRiCo61UEsJZCXnod7AStV1dh/IZxIWU+Is0Flh5xegwomLPX9qLwKA==",
      "license": "Apache-2.0"
    },
    "codemods/update-resolve-conditions": {
      "name": "vitejs-update-resolve-conditions",
      "dependencies": {
        "@jssg/utils": "^0.0.7"
      }
    },
    "codemods/v6-to-v7": {
      "name": "vitejs-v6-to-v7"
    },
    "codemods/v7-to-v8": {
      "name": "vitejs-v7-to-v8"
    },
    "node_modules/@biomejs/biome": {
      "version": "2.4.15",
      "resolved": "https://registry.npmjs.org/@biomejs/biome/-/biome-2.4.15.tgz",
      "integrity": "sha512-j5VH3a/h/HXTKBM50MDMxRCzkeLv9S2XJcW2WgnZT1+xyisi+0bISrXR82gCX+8S9lvK0skEvHJRN+3Ktr2hlw==",
      "dev": true,
      "license": "MIT OR Apache-2.0",
      "bin": {
        "biome": "bin/biome"
      },
      "engines": {
        "node": ">=14.21.3"
      },
      "funding": {
        "type": "opencollective",
        "url": "https://opencollective.com/biome"
      },
      "optionalDependencies": {
        "@biomejs/cli-darwin-arm64": "2.4.15",
        "@biomejs/cli-darwin-x64": "2.4.15",
        "@biomejs/cli-linux-arm64": "2.4.15",
        "@biomejs/cli-linux-arm64-musl": "2.4.15",
        "@biomejs/cli-linux-x64": "2.4.15",
        "@biomejs/cli-linux-x64-musl": "2.4.15",
        "@biomejs/cli-win32-arm64": "2.4.15",
        "@biomejs/cli-win32-x64": "2.4.15"
      }
    },
    "node_modules/@biomejs/cli-darwin-arm64": {
      "version": "2.4.15",
      "resolved": "https://registry.npmjs.org/@biomejs/cli-darwin-arm64/-/cli-darwin-arm64-2.4.15.tgz",
      "integrity": "sha512-rF3PPqLq1yoST79zaQbDjVJwsuIeci/O+9bgNmC5QpgOqz6aqYuzA4abyAGx+mgyiDXn4A049xAN8gijbuR1Qg==",
      "cpu": [
        "arm64"
      ],
      "dev": true,
      "license": "MIT OR Apache-2.0",
      "optional": true,
      "os": [
        "darwin"
      ],
      "engines": {
        "node": ">=14.21.3"
      }
    },
    "node_modules/@biomejs/cli-darwin-x64": {
      "version": "2.4.15",
      "resolved": "https://registry.npmjs.org/@biomejs/cli-darwin-x64/-/cli-darwin-x64-2.4.15.tgz",
      "integrity": "sha512-/5KHXYMfSJs1fNXiX30xFtI8JcCFV6zaVVLxOa0M2sfqBKHkpQhRTv94yxQWxeTY2lzo2OuTlNvPC+hDQt2wcQ==",
      "cpu": [
        "x64"
      ],
      "dev": true,
      "license": "MIT OR Apache-2.0",
      "optional": true,
      "os": [
        "darwin"
      ],
      "engines": {
        "node": ">=14.21.3"
      }
    },
    "node_modules/@biomejs/cli-linux-arm64": {
      "version": "2.4.15",
      "resolved": "https://registry.npmjs.org/@biomejs/cli-linux-arm64/-/cli-linux-arm64-2.4.15.tgz",
      "integrity": "sha512-owaAMZD/T4LrD0ELNCk0Km3qrRHuM0X6EAyVE1FSqGY0rbLoiDLrO4Us2tllm6cAeB2Ioa9C2C08NZPdr8+0Ug==",
      "cpu": [
        "arm64"
      ],
      "dev": true,
      "license": "MIT OR Apache-2.0",
      "optional": true,
      "os": [
        "linux"
      ],
      "engines": {
        "node": ">=14.21.3"
      }
    },
    "node_modules/@biomejs/cli-linux-arm64-musl": {
      "version": "2.4.15",
      "resolved": "https://registry.npmjs.org/@biomejs/cli-linux-arm64-musl/-/cli-linux-arm64-musl-2.4.15.tgz",
      "integrity": "sha512-ZPcxznxm0pogHBLZhYntyR3sR+MrZjqJIKEr7ZqVen0Rl+P/4upVmfYXjftizi9RoqZntg33fv/1fbdhbYXpEQ==",
      "cpu": [
        "arm64"
      ],
      "dev": true,
      "license": "MIT OR Apache-2.0",
      "optional": true,
      "os": [
        "linux"
      ],
      "engines": {
        "node": ">=14.21.3"
      }
    },
    "node_modules/@biomejs/cli-linux-x64": {
      "version": "2.4.15",
      "resolved": "https://registry.npmjs.org/@biomejs/cli-linux-x64/-/cli-linux-x64-2.4.15.tgz",
      "integrity": "sha512-0jj7THz12GbUOLmMibktK6DZjqz2zV64KFxyBtcFTKPiiOIY0a7vns1elpO1dERvxpsZ5ik0oFfz0oGwFde1+g==",
      "cpu": [
        "x64"
      ],
      "dev": true,
      "license": "MIT OR Apache-2.0",
      "optional": true,
      "os": [
        "linux"
      ],
      "engines": {
        "node": ">=14.21.3"
      }
    },
    "node_modules/@biomejs/cli-linux-x64-musl": {
      "version": "2.4.15",
      "resolved": "https://registry.npmjs.org/@biomejs/cli-linux-x64-musl/-/cli-linux-x64-musl-2.4.15.tgz",
      "integrity": "sha512-CNq/9W38SYSH023lfcQ4KKU8K0YX8T//FZUhcgtMMRABDojx5XsMV7jlweAvGSl389wJQB29Qo6Zb/a+jdvt+w==",
      "cpu": [
        "x64"
      ],
      "dev": true,
      "license": "MIT OR Apache-2.0",
      "optional": true,
      "os": [
        "linux"
      ],
      "engines": {
        "node": ">=14.21.3"
      }
    },
    "node_modules/@biomejs/cli-win32-arm64": {
      "version": "2.4.15",
      "resolved": "https://registry.npmjs.org/@biomejs/cli-win32-arm64/-/cli-win32-arm64-2.4.15.tgz",
      "integrity": "sha512-ouhkYdlhp/1GghEJPdWwD/Vi3gQ1nFxuSpMolWsbq3Lsq3QUR4jl6UdhhscdCugKU5vOEuMiJhvKj66O0OCq+w==",
      "cpu": [
        "arm64"
      ],
      "dev": true,
      "license": "MIT OR Apache-2.0",
      "optional": true,
      "os": [
        "win32"
      ],
      "engines": {
        "node": ">=14.21.3"
      }
    },
    "node_modules/@biomejs/cli-win32-x64": {
      "version": "2.4.15",
      "resolved": "https://registry.npmjs.org/@biomejs/cli-win32-x64/-/cli-win32-x64-2.4.15.tgz",
      "integrity": "sha512-zBrGq5mx5wwpnow4+2BxUvleDM+GNd4sLbPaMapsSLQLD0NGRCquqPBTgN+7XkUteHvj7M+BstuI8tmnV7+HgQ==",
      "cpu": [
        "x64"
      ],
      "dev": true,
      "license": "MIT OR Apache-2.0",
      "optional": true,
      "os": [
        "win32"
      ],
      "engines": {
        "node": ">=14.21.3"
      }
    },
    "node_modules/@codemod.com/jssg-types": {
      "version": "1.6.0",
      "resolved": "https://registry.npmjs.org/@codemod.com/jssg-types/-/jssg-types-1.6.0.tgz",
      "integrity": "sha512-9b6rsL3RZJvOPJ+gUj1W0041mHF6eYwLt+wsa4zqxJWNsxLha0JvFyaQdcw5XfQ5Ldd+H/kV/yZ4dpN+hC9OXw==",
      "dev": true,
      "license": "Apache-2.0"
    },
    "node_modules/@jssg/utils": {
      "version": "0.0.7",
      "resolved": "https://registry.npmjs.org/@jssg/utils/-/utils-0.0.7.tgz",
      "integrity": "sha512-QNFw5L574aaMGoHL12dwmgN89uSsf6avU+4yf3a7qx2URSSA92lNvKJD/60gfM0OL8jyijjiUFHQVyvVtY5ODQ==",
      "license": "Apache-2.0"
    },
    "node_modules/@types/node": {
      "version": "25.8.0",
      "resolved": "https://registry.npmjs.org/@types/node/-/node-25.8.0.tgz",
      "integrity": "sha512-TCFSk8IZh+iLX1xtksoBVtdmgL+1IX0fC9BeU4QqFSuNdN/K+HUlhqOzEmSYYpZUVsLYcPqc9KX+60iDuninSQ==",
      "dev": true,
      "license": "MIT",
      "dependencies": {
        "undici-types": ">=7.24.0 <7.24.7"
      }
    },
    "node_modules/dedent": {
      "version": "1.7.2",
      "resolved": "https://registry.npmjs.org/dedent/-/dedent-1.7.2.tgz",
      "integrity": "sha512-WzMx3mW98SN+zn3hgemf4OzdmyNhhhKz5Ay0pUfQiMQ3e1g+xmTJWp/pKdwKVXhdSkAEGIIzqeuWrL3mV/AXbA==",
      "license": "MIT",
      "peerDependencies": {
        "babel-plugin-macros": "^3.1.0"
      },
      "peerDependenciesMeta": {
        "babel-plugin-macros": {
          "optional": true
        }
      }
    },
    "node_modules/typescript": {
      "version": "6.0.3",
      "resolved": "https://registry.npmjs.org/typescript/-/typescript-6.0.3.tgz",
      "integrity": "sha512-y2TvuxSZPDyQakkFRPZHKFm+KKVqIisdg9/CZwm9ftvKXLP8NRWj38/ODjNbr43SsoXqNuAisEf1GdCxqWcdBw==",
      "dev": true,
      "license": "Apache-2.0",
      "bin": {
        "tsc": "bin/tsc",
        "tsserver": "bin/tsserver"
      },
      "engines": {
        "node": ">=14.17"
      }
    },
    "node_modules/undici-types": {
      "version": "7.24.6",
      "resolved": "https://registry.npmjs.org/undici-types/-/undici-types-7.24.6.tgz",
      "integrity": "sha512-WRNW+sJgj5OBN4/0JpHFqtqzhpbnV0GuB+OozA9gCL7a993SmU+1JBZCzLNxYsbMfIeDL+lTsphD5jN5N+n0zg==",
      "dev": true,
      "license": "MIT"
    },
    "node_modules/vitejs-codemod-utils": {
      "resolved": "utils",
      "link": true
    },
    "node_modules/vitejs-fix-import-meta-url-polyfill": {
      "resolved": "codemods/fix-import-meta-url-polyfill",
      "link": true
    },
    "node_modules/vitejs-migrate-css-minify-to-lightning-css": {
      "resolved": "codemods/migrate-css-minify-to-lightning-css",
      "link": true
    },
    "node_modules/vitejs-migrate-esbuild-minify-options": {
      "resolved": "codemods/migrate-esbuild-minify-options",
      "link": true
    },
    "node_modules/vitejs-migrate-esbuild-to-oxc-options": {
      "resolved": "codemods/migrate-esbuild-to-oxc-options",
      "link": true
    },
    "node_modules/vitejs-migrate-manual-chunks-config": {
      "resolved": "codemods/migrate-manual-chunks-config",
      "link": true
    },
    "node_modules/vitejs-migrate-optimize-deps-esbuild-options": {
      "resolved": "codemods/migrate-optimize-deps-esbuild-options",
      "link": true
    },
    "node_modules/vitejs-migrate-require-external-modules": {
      "resolved": "codemods/migrate-require-external-modules",
      "link": true
    },
    "node_modules/vitejs-migrate-rollup-to-rolldown-options": {
      "resolved": "codemods/migrate-rollup-to-rolldown-options",
      "link": true
    },
    "node_modules/vitejs-migrate-rollup-watch-options": {
      "resolved": "codemods/migrate-rollup-watch-options",
      "link": true
    },
    "node_modules/vitejs-migrate-transform-index-html-hooks": {
      "resolved": "codemods/migrate-transform-index-html-hooks",
      "link": true
    },
    "node_modules/vitejs-normalize-commonjs-interop-legacy-option": {
      "resolved": "codemods/normalize-commonjs-interop-legacy-option",
      "link": true
    },
    "node_modules/vitejs-remove-deprecated-hotbroadcaster-types": {
      "resolved": "codemods/remove-deprecated-hotbroadcaster-types",
      "link": true
    },
    "node_modules/vitejs-remove-deprecated-import-meta-hot-accept-url": {
      "resolved": "codemods/remove-deprecated-import-meta-hot-accept-url",
      "link": true
    },
    "node_modules/vitejs-remove-deprecated-properties": {
      "resolved": "codemods/remove-deprecated-properties",
      "link": true
    },
    "node_modules/vitejs-remove-sass-legacy-api-option": {
      "resolved": "codemods/remove-sass-legacy-api-option",
      "link": true
    },
    "node_modules/vitejs-remove-split-vendor-chunk-plugin": {
      "resolved": "codemods/remove-split-vendor-chunk-plugin",
      "link": true
    },
    "node_modules/vitejs-update-plugin-load-transform-moduleType": {
      "resolved": "codemods/update-plugin-load-transform-moduleType",
      "link": true
    },
    "node_modules/vitejs-update-resolve-conditions": {
      "resolved": "codemods/update-resolve-conditions",
      "link": true
    },
    "node_modules/vitejs-v6-to-v7": {
      "resolved": "codemods/v6-to-v7",
      "link": true
    },
    "node_modules/vitejs-v7-to-v8": {
      "resolved": "codemods/v7-to-v8",
      "link": true
    },
    "utils": {
      "name": "vitejs-codemod-utils",
      "version": "0.0.0",
      "dependencies": {
        "@jssg/utils": "0.0.7",
        "dedent": "^1.7.2"
      }
    }
  }
}
